
Microsoft Visual Studio Solution File, Format Version 12.00
# Visual Studio 15
VisualStudioVersion = 15.0.27703.2035
MinimumVisualStudioVersion = 10.0.40219.1
Project("{FAE04EC0-301F-11D3-BF4B-00C04F79EFBC}") = "Algorithms.Lib", "Algorithms.Lib\Algorithms.Lib.csproj", "{A0AE7229-4EA3-4E3C-8AE0-EA7EE5010E29}"
EndProject
Project("{FAE04EC0-301F-11D3-BF4B-00C04F79EFBC}") = "Algorithms.Tests", "Algorithms.Tests\Algorithms.Tests.csproj", "{D4148996-A82B-4D13-9C23-95A7F0CD365C}"
EndProject
Global
	GlobalSection(SolutionConfigurationPlatforms) = preSolution
		Debug|Any CPU = Debug|Any CPU
		Release|Any CPU = Release|Any CPU
	EndGlobalSection
	GlobalSection(ProjectConfigurationPlatforms) = postSolution
		{A0AE7229-4EA3-4E3C-8AE0-EA7EE5010E29}.Debug|Any CPU.ActiveCfg = Debug|Any CPU
		{A0AE7229-4EA3-4E3C-8AE0-EA7EE5010E29}.Debug|Any CPU.Build.0 = Debug|Any CPU
		{A0AE7229-4EA3-4E3C-8AE0-EA7EE5010E29}.Release|Any CPU.ActiveCfg = Release|Any CPU
		{A0AE7229-4EA3-4E3C-8AE0-EA7EE5010E29}.Release|Any CPU.Build.0 = Release|Any CPU
		{D4148996-A82B-4D13-9C23-95A7F0CD365C}.Debug|Any CPU.ActiveCfg = Debug|Any CPU
		{D4148996-A82B-4D13-9C23-95A7F0CD365C}.Debug|Any CPU.Build.0 = Debug|Any CPU
		{D4148996-A82B-4D13-9C23-95A7F0CD365C}.Release|Any CPU.ActiveCfg = Release|Any CPU
		{D4148996-A82B-4D13-9C23-95A7F0CD365C}.Release|Any CPU.Build.0 = Release|Any CPU
	EndGlobalSection
	GlobalSection(SolutionProperties) = preSolution
		HideSolutionNode = FALSE
	EndGlobalSection
	GlobalSection(ExtensibilityGlobals) = postSolution
		SolutionGuid = {85A7A2B9-0D60-427C-B7CB-2D0B3D0513F3}
	EndGlobalSection
EndGlobal
